
Microsoft Visual Studio Solution File, Format Version 12.00
# Visual Studio Version 17
VisualStudioVersion = 17.9.34723.18
MinimumVisualStudioVersion = 10.0.40219.1
Project("{FAE04EC0-301F-11D3-BF4B-00C04F79EFBC}") = "NetflixCloneMAUI", "NetflixCloneMAUI\NetflixCloneMAUI.csproj", "{61B7AE32-0B0C-4EDF-A939-44F040D670B2}"
EndProject
Global
	GlobalSection(SolutionConfigurationPlatforms) = preSolution
		Debug|Any CPU = Debug|Any CPU
		Release|Any CPU = Release|Any CPU
	EndGlobalSection
	GlobalSection(ProjectConfigurationPlatforms) = postSolution
		{61B7AE32-0B0C-4EDF-A939-44F040D670B2}.Debug|Any CPU.ActiveCfg = Debug|Any CPU
		{61B7AE32-0B0C-4EDF-A939-44F040D670B2}.Debug|Any CPU.Build.0 = Debug|Any CPU
		{61B7AE32-0B0C-4EDF-A939-44F040D670B2}.Debug|Any CPU.Deploy.0 = Debug|Any CPU
		{61B7AE32-0B0C-4EDF-A939-44F040D670B2}.Release|Any CPU.ActiveCfg = Release|Any CPU
		{61B7AE32-0B0C-4EDF-A939-44F040D670B2}.Release|Any CPU.Build.0 = Release|Any CPU
		{61B7AE32-0B0C-4EDF-A939-44F040D670B2}.Release|Any CPU.Deploy.0 = Release|Any CPU
	EndGlobalSection
	GlobalSection(SolutionProperties) = preSolution
		HideSolutionNode = FALSE
	EndGlobalSection
	GlobalSection(ExtensibilityGlobals) = postSolution
		SolutionGuid = {55C13B2B-F74B-48B6-9B6A-19537C837B01}
	EndGlobalSection
EndGlobal
